version = 1
revision = 3
requires-python = ">=3.11"

[[package]]
name = "altgraph"
version = "0.17.5"
source = { registry = "https://pypi.org/simple" }
sdist = { url = "https://files.pythonhosted.org/packages/7e/f8/97fdf103f38fed6792a1601dbc16cc8aac56e7459a9fff08c812d8ae177a/altgraph-0.17.5.tar.gz", hash = "sha256:c87b395dd12fabde9c99573a9749d67da8d29ef9de0125c7f536699b4a9bc9e7", size = 48428, upload-time = "2025-11-21T20:35:50.583Z" }
wheels = [
    { url = "https://files.pythonhosted.org/packages/a9/ba/000a1996d4308bc65120167c21241a3b205464a2e0b58deda26ae8ac21d1/altgraph-0.17.5-py2.py3-none-any.whl", hash = "sha256:f3a22400bce1b0c701683820ac4f3b159cd301acab067c51c653e06961600597", size = 21228, upload-time = "2025-11-21T20:35:49.444Z" },
]

[[package]]
name = "macholib"
version = "1.16.4"
source = { registry = "https://pypi.org/simple" }
dependencies = [
    { name = "altgraph" },
]
sdist = { url = "https://files.pythonhosted.org/packages/10/2f/97589876ea967487978071c9042518d28b958d87b17dceb7cdc1d881f963/macholib-1.16.4.tar.gz", hash = "sha256:f408c93ab2e995cd2c46e34fe328b130404be143469e41bc366c807448979362", size = 59427, upload-time = "2025-11-22T08:28:38.373Z" }
wheels = [
    { url = "https://files.pythonhosted.org/packages/c7/d1/a9f36f8ecdf0fb7c9b1e78c8d7af12b8c8754e74851ac7b94a8305540fc7/macholib-1.16.4-py2.py3-none-any.whl", hash = "sha256:da1a3fa8266e30f0ce7e97c6a54eefaae8edd1e5f86f3eb8b95457cae90265ea", size = 38117, upload-time = "2025-11-22T08:28:36.939Z" },
]

[[package]]
name = "msgpack"
version = "1.0.5"
source = { registry = "https://pypi.org/simple" }
sdist = { url = "https://files.pythonhosted.org/packages/dc/a1/eba11a0d4b764bc62966a565b470f8c6f38242723ba3057e9b5098678c30/msgpack-1.0.5.tar.gz", hash = "sha256:c075544284eadc5cddc70f4757331d99dcbc16b2bbd4849d15f8aae4cf36d31c", size = 127834, upload-time = "2023-03-08T17:50:48.564Z" }
wheels = [
    { url = "https://files.pythonhosted.org/packages/27/ad/4edfe383ec3185611441179ffee8cbc8155d7575fbad73f6d31015e35451/msgpack-1.0.5-cp311-cp311-macosx_10_9_universal2.whl", hash = "sha256:9f5ae84c5c8a857ec44dc180a8b0cc08238e021f57abdf51a8182e915e6299f0", size = 127502, upload-time = "2023-03-08T17:49:33.974Z" },
    { url = "https://files.pythonhosted.org/packages/c1/57/01f2d8805160f559ec21d095fc7576a26fbaed2475af24ce4a135c380c14/msgpack-1.0.5-cp311-cp311-macosx_10_9_x86_64.whl", hash = "sha256:9e6ca5d5699bcd89ae605c150aee83b5321f2115695e741b99618f4856c50898", size = 73747, upload-time = "2023-03-08T17:49:35.158Z" },
    { url = "https://files.pythonhosted.org/packages/6c/fe/8a7747ca57074307a2e8f1de58441952a9dbdf9e8a8e5873d53a5ce0835c/msgpack-1.0.5-cp311-cp311-macosx_11_0_arm64.whl", hash = "sha256:5494ea30d517a3576749cad32fa27f7585c65f5f38309c88c6d137877fa28a5a", size = 69041, upload-time = "2023-03-08T17:49:36.44Z" },
    { url = "https://files.pythonhosted.org/packages/33/0a/aa7b53ae17cf1dc1c352d705ab3162fc572c55048cc3177c1a88009c47fd/msgpack-1.0.5-cp311-cp311-manylinux_2_17_aarch64.manylinux2014_aarch64.whl", hash = "sha256:1ab2f3331cb1b54165976a9d976cb251a83183631c88076613c6c780f0d6e45a", size = 316114, upload-time = "2023-03-08T17:49:38.252Z" },
    { url = "https://files.pythonhosted.org/packages/6b/6d/de239d77d347f1990c41b4800075a15e06f748186dd120166270dd071734/msgpack-1.0.5-cp311-cp311-manylinux_2_17_x86_64.manylinux2014_x86_64.whl", hash = "sha256:28592e20bbb1620848256ebc105fc420436af59515793ed27d5c77a217477705", size = 325080, upload-time = "2023-03-08T17:49:39.528Z" },
    { url = "https://files.pythonhosted.org/packages/7e/1c/9d0fd241a4e88e1cd2f5babea4a27ac25b1b86dbbc05fa10741e82079a93/msgpack-1.0.5-cp311-cp311-manylinux_2_5_i686.manylinux1_i686.manylinux_2_17_i686.manylinux2014_i686.whl", hash = "sha256:fe5c63197c55bce6385d9aee16c4d0641684628f63ace85f73571e65ad1c1e8d", size = 319393, upload-time = "2023-03-08T17:49:40.755Z" },
    { url = "https://files.pythonhosted.org/packages/b8/bc/1d5fe4732dc78ff86aaf677596da08f0ae736e60ca8ab49c1f1c7366cb1a/msgpack-1.0.5-cp311-cp311-musllinux_1_1_aarch64.whl", hash = "sha256:ed40e926fa2f297e8a653c954b732f125ef97bdd4c889f243182299de27e2aa9", size = 316118, upload-time = "2023-03-08T17:49:41.964Z" },
    { url = "https://files.pythonhosted.org/packages/2c/e9/c79ecc36cfa34d850a01773565e0fccafd69efff07172028c3a5f758b83f/msgpack-1.0.5-cp311-cp311-musllinux_1_1_i686.whl", hash = "sha256:b2de4c1c0538dcb7010902a2b97f4e00fc4ddf2c8cda9749af0e594d3b7fa3d7", size = 354984, upload-time = "2023-03-08T17:49:43.251Z" },
    { url = "https://files.pythonhosted.org/packages/45/85/6b55b0cabad846d3e730226a897f878f8f63ee505668bb6c55a697b0bfb0/msgpack-1.0.5-cp311-cp311-musllinux_1_1_x86_64.whl", hash = "sha256:bf22a83f973b50f9d38e55c6aade04c41ddda19b00c4ebc558930d78eecc64ed", size = 323580, upload-time = "2023-03-08T17:49:44.71Z" },
    { url = "https://files.pythonhosted.org/packages/0e/69/3d10e741dd2bbb806af5cdc76551735baab5f5f9773701eb05502c913a6e/msgpack-1.0.5-cp311-cp311-win32.whl", hash = "sha256:c396e2cc213d12ce017b686e0f53497f94f8ba2b24799c25d913d46c08ec422c", size = 56419, upload-time = "2023-03-08T17:49:46.603Z" },
    { url = "https://files.pythonhosted.org/packages/6b/79/0dec8f035160464ca88b221cc79691a71cf88dc25207c17f1d918b2c7bb0/msgpack-1.0.5-cp311-cp311-win_amd64.whl", hash = "sha256:6c4c68d87497f66f96d50142a2b73b97972130d93677ce930718f68828b382e2", size = 60781, upload-time = "2023-03-08T17:49:47.912Z" },
]

[[package]]
name = "packaging"
version = "25.0"
source = { registry = "https://pypi.org/simple" }
sdist = { url = "https://files.pythonhosted.org/packages/a1/d4/1fc4078c65507b51b96ca8f8c3ba19e6a61c8253c72794544580a7b6c24d/packaging-25.0.tar.gz", hash = "sha256:d443872c98d677bf60f6a1f2f8c1cb748e8fe762d2bf9d3148b5599295b0fc4f", size = 165727, upload-time = "2025-04-19T11:48:59.673Z" }
wheels = [
    { url = "https://files.pythonhosted.org/packages/20/12/38679034af332785aac8774540895e234f4d07f7545804097de4b666afd8/packaging-25.0-py3-none-any.whl", hash = "sha256:29572ef2b1f17581046b3a2227d5c611fb25ec70ca1ba8554b24b0e69331a484", size = 66469, upload-time = "2025-04-19T11:48:57.875Z" },
]

[[package]]
name = "pefile"
version = "2023.2.7"
source = { registry = "https://pypi.org/simple" }
sdist = { url = "https://files.pythonhosted.org/packages/78/c5/3b3c62223f72e2360737fd2a57c30e5b2adecd85e70276879609a7403334/pefile-2023.2.7.tar.gz", hash = "sha256:82e6114004b3d6911c77c3953e3838654b04511b8b66e8583db70c65998017dc", size = 74854, upload-time = "2023-02-07T12:23:55.958Z" }
wheels = [
    { url = "https://files.pythonhosted.org/packages/55/26/d0ad8b448476d0a1e8d3ea5622dc77b916db84c6aa3cb1e1c0965af948fc/pefile-2023.2.7-py3-none-any.whl", hash = "sha256:da185cd2af68c08a6cd4481f7325ed600a88f6a813bad9dea07ab3ef73d8d8d6", size = 71791, upload-time = "2023-02-07T12:28:36.678Z" },
]

[[package]]
name = "pyinstaller"
version = "6.16.0"
source = { registry = "https://pypi.org/simple" }
dependencies = [
    { name = "altgraph" },
    { name = "macholib", marker = "sys_platform == 'darwin'" },
    { name = "packaging" },
    { name = "pefile", marker = "sys_platform == 'win32'" },
    { name = "pyinstaller-hooks-contrib" },
    { name = "pywin32-ctypes", marker = "sys_platform == 'win32'" },
    { name = "setuptools" },
]
sdist = { url = "https://files.pythonhosted.org/packages/94/94/1f62e95e4a28b64cfbb5b922ef3046f968b47170d37a1e1a029f56ac9cb4/pyinstaller-6.16.0.tar.gz", hash = "sha256:53559fe1e041a234f2b4dcc3288ea8bdd57f7cad8a6644e422c27bb407f3edef", size = 4008473, upload-time = "2025-09-13T20:07:01.733Z" }
wheels = [
    { url = "https://files.pythonhosted.org/packages/7b/0a/c42ce6e5d3de287f2e9432a074fb209f1fb72a86a72f3903849fdb5e4829/pyinstaller-6.16.0-py3-none-macosx_10_13_universal2.whl", hash = "sha256:7fd1c785219a87ca747c21fa92f561b0d2926a7edc06d0a0fe37f3736e00bd7a", size = 1027899, upload-time = "2025-09-13T20:05:59.2Z" },
    { url = "https://files.pythonhosted.org/packages/4e/d0/f18fedde32835d5a758f464c75924e2154065625f09d5456c3c303527654/pyinstaller-6.16.0-py3-none-manylinux2014_aarch64.whl", hash = "sha256:b756ddb9007b8141c5476b553351f9d97559b8af5d07f9460869bfae02be26b0", size = 727990, upload-time = "2025-09-13T20:06:03.583Z" },
    { url = "https://files.pythonhosted.org/packages/7a/db/c8bb47514ce857b24bf9294cf1ff74844b6a489fa0ab4ef6f923288c4e38/pyinstaller-6.16.0-py3-none-manylinux2014_i686.whl", hash = "sha256:0a48f55b85ff60f83169e10050f2759019cf1d06773ad1c4da3a411cd8751058", size = 739238, upload-time = "2025-09-13T20:06:07.69Z" },
    { url = "https://files.pythonhosted.org/packages/c6/3e/451dc784a8fcca0fe9f9b6b802d58555364a95b60f253613a2c83fc6b023/pyinstaller-6.16.0-py3-none-manylinux2014_ppc64le.whl", hash = "sha256:73ba72e04fcece92e32518bbb1e1fb5ac2892677943dfdff38e01a06e8742851", size = 737142, upload-time = "2025-09-13T20:06:11.732Z" },
    { url = "https://files.pythonhosted.org/packages/71/37/2f457479ef8fa2821cdb448acee2421dfb19fbe908bf5499d1930c164084/pyinstaller-6.16.0-py3-none-manylinux2014_s390x.whl", hash = "sha256:b1752488248f7899281b17ca3238eefb5410521291371a686a4f5830f29f52b3", size = 734133, upload-time = "2025-09-13T20:06:15.477Z" },
    { url = "https://files.pythonhosted.org/packages/63/c4/0f7daac4d062a4d1ac2571d8a8b9b5d6812094fcd914d139af591ca5e1ba/pyinstaller-6.16.0-py3-none-manylinux2014_x86_64.whl", hash = "sha256:ba618a61627ee674d6d68e5de084ba17c707b59a4f2a856084b3999bdffbd3f0", size = 733817, upload-time = "2025-09-13T20:06:19.683Z" },
    { url = "https://files.pythonhosted.org/packages/11/e4/b6127265b42bef883e8873d850becadf748bc5652e5a7029b059328f3c31/pyinstaller-6.16.0-py3-none-musllinux_1_1_aarch64.whl", hash = "sha256:c8b7ef536711617e12fef4673806198872033fa06fa92326ad7fd1d84a9fa454", size = 732912, upload-time = "2025-09-13T20:06:23.46Z" },
    { url = "https://files.pythonhosted.org/packages/2b/00/c6663107bdf814b2916e71563beabd09f693c47712213bc228994cb2cc65/pyinstaller-6.16.0-py3-none-musllinux_1_1_x86_64.whl", hash = "sha256:d1ebf84d02c51fed19b82a8abb4df536923abd55bb684d694e1356e4ae2a0ce5", size = 732773, upload-time = "2025-09-13T20:06:27.352Z" },
    { url = "https://files.pythonhosted.org/packages/a3/14/cabe9bc5f60b95d2e70e7d045ab94b0015ff8f6c8b16e2142d3597e30749/pyinstaller-6.16.0-py3-none-win32.whl", hash = "sha256:6d5f8617f3650ff9ef893e2ab4ddbf3c0d23d0c602ef74b5df8fbef4607840c8", size = 1313878, upload-time = "2025-09-13T20:06:33.234Z" },
    { url = "https://files.pythonhosted.org/packages/aa/99/2005efbc297e7813c1d6f18484aa94a1a81ce87b6a5b497c563681f4c4ea/pyinstaller-6.16.0-py3-none-win_amd64.whl", hash = "sha256:bc10eb1a787f99fea613509f55b902fbd2d8b73ff5f51ff245ea29a481d97d41", size = 1374706, upload-time = "2025-09-13T20:06:39.95Z" },
    { url = "https://files.pythonhosted.org/packages/ca/f4/4dfcf69b86d60fcaae05a42bbff1616d48a91e71726e5ed795d773dae9b3/pyinstaller-6.16.0-py3-none-win_arm64.whl", hash = "sha256:d0af8a401de792c233c32c44b16d065ca9ab8262ee0c906835c12bdebc992a64", size = 1315923, upload-time = "2025-09-13T20:06:45.846Z" },
]

[[package]]
name = "pyinstaller-hooks-contrib"
version = "2025.10"
source = { registry = "https://pypi.org/simple" }
dependencies = [
    { name = "packaging" },
    { name = "setuptools" },
]
sdist = { url = "https://files.pythonhosted.org/packages/26/4f/e33132acdb8f732978e577b8a0130a412cbfe7a3414605e3fd380a975522/pyinstaller_hooks_contrib-2025.10.tar.gz", hash = "sha256:a1a737e5c0dccf1cf6f19a25e2efd109b9fec9ddd625f97f553dac16ee884881", size = 168155, upload-time = "2025-11-22T09:34:36.138Z" }
wheels = [
    { url = "https://files.pythonhosted.org/packages/86/de/a7688eed49a1d3df337cdaa4c0d64e231309a52f269850a72051975e3c4a/pyinstaller_hooks_contrib-2025.10-py3-none-any.whl", hash = "sha256:aa7a378518772846221f63a84d6306d9827299323243db890851474dfd1231a9", size = 447760, upload-time = "2025-11-22T09:34:34.753Z" },
]

[[package]]
name = "pywin32-ctypes"
version = "0.2.3"
source = { registry = "https://pypi.org/simple" }
sdist = { url = "https://files.pythonhosted.org/packages/85/9f/01a1a99704853cb63f253eea009390c88e7131c67e66a0a02099a8c917cb/pywin32-ctypes-0.2.3.tar.gz", hash = "sha256:d162dc04946d704503b2edc4d55f3dba5c1d539ead017afa00142c38b9885755", size = 29471, upload-time = "2024-08-14T10:15:34.626Z" }
wheels = [
    { url = "https://files.pythonhosted.org/packages/de/3d/8161f7711c017e01ac9f008dfddd9410dff3674334c233bde66e7ba65bbf/pywin32_ctypes-0.2.3-py3-none-any.whl", hash = "sha256:8a1513379d709975552d202d942d9837758905c8d01eb82b8bcc30918929e7b8", size = 30756, upload-time = "2024-08-14T10:15:33.187Z" },
]

[[package]]
name = "setuptools"
version = "80.9.0"
source = { registry = "https://pypi.org/simple" }
sdist = { url = "https://files.pythonhosted.org/packages/18/5d/3bf57dcd21979b887f014ea83c24ae194cfcd12b9e0fda66b957c69d1fca/setuptools-80.9.0.tar.gz", hash = "sha256:f36b47402ecde768dbfafc46e8e4207b4360c654f1f3bb84475f0a28628fb19c", size = 1319958, upload-time = "2025-05-27T00:56:51.443Z" }
wheels = [
    { url = "https://files.pythonhosted.org/packages/a3/dc/17031897dae0efacfea57dfd3a82fdd2a2aeb58e0ff71b77b87e44edc772/setuptools-80.9.0-py3-none-any.whl", hash = "sha256:062d34222ad13e0cc312a4c02d73f059e86a4acbfbdea8f8f76b28c99f306922", size = 1201486, upload-time = "2025-05-27T00:56:49.664Z" },
]

[[package]]
name = "typing-extensions"
version = "4.15.0"
source = { registry = "https://pypi.org/simple" }
sdist = { url = "https://files.pythonhosted.org/packages/72/94/1a15dd82efb362ac84269196e94cf00f187f7ed21c242792a923cdb1c61f/typing_extensions-4.15.0.tar.gz", hash = "sha256:0cea48d173cc12fa28ecabc3b837ea3cf6f38c6d1136f85cbaaf598984861466", size = 109391, upload-time = "2025-08-25T13:49:26.313Z" }
wheels = [
    { url = "https://files.pythonhosted.org/packages/18/67/36e9267722cc04a6b9f15c7f3441c2363321a3ea07da7ae0c0707beb2a9c/typing_extensions-4.15.0-py3-none-any.whl", hash = "sha256:f0fa19c6845758ab08074a0cfa8b7aecb71c999ca73d62883bc25cc018c4e548", size = 44614, upload-time = "2025-08-25T13:49:24.86Z" },
]

[[package]]
name = "websockets"
version = "14.1"
source = { registry = "https://pypi.org/simple" }
sdist = { url = "https://files.pythonhosted.org/packages/f4/1b/380b883ce05bb5f45a905b61790319a28958a9ab1e4b6b95ff5464b60ca1/websockets-14.1.tar.gz", hash = "sha256:398b10c77d471c0aab20a845e7a60076b6390bfdaac7a6d2edb0d2c59d75e8d8", size = 162840, upload-time = "2024-11-13T07:11:29.152Z" }
wheels = [
    { url = "https://files.pythonhosted.org/packages/97/ed/c0d03cb607b7fe1f7ff45e2cd4bb5cd0f9e3299ced79c2c303a6fff44524/websockets-14.1-cp311-cp311-macosx_10_9_universal2.whl", hash = "sha256:449d77d636f8d9c17952628cc7e3b8faf6e92a17ec581ec0c0256300717e1512", size = 161949, upload-time = "2024-11-13T07:10:00.134Z" },
    { url = "https://files.pythonhosted.org/packages/06/91/bf0a44e238660d37a2dda1b4896235d20c29a2d0450f3a46cd688f43b239/websockets-14.1-cp311-cp311-macosx_10_9_x86_64.whl", hash = "sha256:a35f704be14768cea9790d921c2c1cc4fc52700410b1c10948511039be824aac", size = 159606, upload-time = "2024-11-13T07:10:02.079Z" },
    { url = "https://files.pythonhosted.org/packages/ff/b8/7185212adad274c2b42b6a24e1ee6b916b7809ed611cbebc33b227e5c215/websockets-14.1-cp311-cp311-macosx_11_0_arm64.whl", hash = "sha256:b1f3628a0510bd58968c0f60447e7a692933589b791a6b572fcef374053ca280", size = 159854, upload-time = "2024-11-13T07:10:03.309Z" },
    { url = "https://files.pythonhosted.org/packages/5a/8a/0849968d83474be89c183d8ae8dcb7f7ada1a3c24f4d2a0d7333c231a2c3/websockets-14.1-cp311-cp311-manylinux_2_17_aarch64.manylinux2014_aarch64.whl", hash = "sha256:3c3deac3748ec73ef24fc7be0b68220d14d47d6647d2f85b2771cb35ea847aa1", size = 169402, upload-time = "2024-11-13T07:10:04.583Z" },
    { url = "https://files.pythonhosted.org/packages/bd/4f/ef886e37245ff6b4a736a09b8468dae05d5d5c99de1357f840d54c6f297d/websockets-14.1-cp311-cp311-manylinux_2_5_i686.manylinux1_i686.manylinux_2_17_i686.manylinux2014_i686.whl", hash = "sha256:7048eb4415d46368ef29d32133134c513f507fff7d953c18c91104738a68c3b3", size = 168406, upload-time = "2024-11-13T07:10:05.841Z" },
    { url = "https://files.pythonhosted.org/packages/11/43/e2dbd4401a63e409cebddedc1b63b9834de42f51b3c84db885469e9bdcef/websockets-14.1-cp311-cp311-manylinux_2_5_x86_64.manylinux1_x86_64.manylinux_2_17_x86_64.manylinux2014_x86_64.whl", hash = "sha256:f6cf0ad281c979306a6a34242b371e90e891bce504509fb6bb5246bbbf31e7b6", size = 168776, upload-time = "2024-11-13T07:10:07.793Z" },
    { url = "https://files.pythonhosted.org/packages/6d/d6/7063e3f5c1b612e9f70faae20ebaeb2e684ffa36cb959eb0862ee2809b32/websockets-14.1-cp311-cp311-musllinux_1_2_aarch64.whl", hash = "sha256:cc1fc87428c1d18b643479caa7b15db7d544652e5bf610513d4a3478dbe823d0", size = 169083, upload-time = "2024-11-13T07:10:09.109Z" },
    { url = "https://files.pythonhosted.org/packages/49/69/e6f3d953f2fa0f8a723cf18cd011d52733bd7f6e045122b24e0e7f49f9b0/websockets-14.1-cp311-cp311-musllinux_1_2_i686.whl", hash = "sha256:f95ba34d71e2fa0c5d225bde3b3bdb152e957150100e75c86bc7f3964c450d89", size = 168529, upload-time = "2024-11-13T07:10:11.137Z" },
    { url = "https://files.pythonhosted.org/packages/70/ff/f31fa14561fc1d7b8663b0ed719996cf1f581abee32c8fb2f295a472f268/websockets-14.1-cp311-cp311-musllinux_1_2_x86_64.whl", hash = "sha256:9481a6de29105d73cf4515f2bef8eb71e17ac184c19d0b9918a3701c6c9c4f23", size = 168475, upload-time = "2024-11-13T07:10:13.179Z" },
    { url = "https://files.pythonhosted.org/packages/f1/15/b72be0e4bf32ff373aa5baef46a4c7521b8ea93ad8b49ca8c6e8e764c083/websockets-14.1-cp311-cp311-win32.whl", hash = "sha256:368a05465f49c5949e27afd6fbe0a77ce53082185bbb2ac096a3a8afaf4de52e", size = 162833, upload-time = "2024-11-13T07:10:15.103Z" },
    { url = "https://files.pythonhosted.org/packages/bc/ef/2d81679acbe7057ffe2308d422f744497b52009ea8bab34b6d74a2657d1d/websockets-14.1-cp311-cp311-win_amd64.whl", hash = "sha256:6d24fc337fc055c9e83414c94e1ee0dee902a486d19d2a7f0929e49d7d604b09", size = 163263, upload-time = "2024-11-13T07:10:17.09Z" },
    { url = "https://files.pythonhosted.org/packages/55/64/55698544ce29e877c9188f1aee9093712411a8fc9732cca14985e49a8e9c/websockets-14.1-cp312-cp312-macosx_10_13_universal2.whl", hash = "sha256:ed907449fe5e021933e46a3e65d651f641975a768d0649fee59f10c2985529ed", size = 161957, upload-time = "2024-11-13T07:10:18.363Z" },
    { url = "https://files.pythonhosted.org/packages/a2/b1/b088f67c2b365f2c86c7b48edb8848ac27e508caf910a9d9d831b2f343cb/websockets-14.1-cp312-cp312-macosx_10_13_x86_64.whl", hash = "sha256:87e31011b5c14a33b29f17eb48932e63e1dcd3fa31d72209848652310d3d1f0d", size = 159620, upload-time = "2024-11-13T07:10:19.745Z" },
    { url = "https://files.pythonhosted.org/packages/c1/89/2a09db1bbb40ba967a1b8225b07b7df89fea44f06de9365f17f684d0f7e6/websockets-14.1-cp312-cp312-macosx_11_0_arm64.whl", hash = "sha256:bc6ccf7d54c02ae47a48ddf9414c54d48af9c01076a2e1023e3b486b6e72c707", size = 159852, upload-time = "2024-11-13T07:10:21.04Z" },
    { url = "https://files.pythonhosted.org/packages/ca/c1/f983138cd56e7d3079f1966e81f77ce6643f230cd309f73aa156bb181749/websockets-14.1-cp312-cp312-manylinux_2_17_aarch64.manylinux2014_aarch64.whl", hash = "sha256:9777564c0a72a1d457f0848977a1cbe15cfa75fa2f67ce267441e465717dcf1a", size = 169675, upload-time = "2024-11-13T07:10:22.991Z" },
    { url = "https://files.pythonhosted.org/packages/c1/c8/84191455d8660e2a0bdb33878d4ee5dfa4a2cedbcdc88bbd097303b65bfa/websockets-14.1-cp312-cp312-manylinux_2_5_i686.manylinux1_i686.manylinux_2_17_i686.manylinux2014_i686.whl", hash = "sha256:a655bde548ca98f55b43711b0ceefd2a88a71af6350b0c168aa77562104f3f45", size = 168619, upload-time = "2024-11-13T07:10:24.82Z" },
    { url = "https://files.pythonhosted.org/packages/8d/a7/62e551fdcd7d44ea74a006dc193aba370505278ad76efd938664531ce9d6/websockets-14.1-cp312-cp312-manylinux_2_5_x86_64.manylinux1_x86_64.manylinux_2_17_x86_64.manylinux2014_x86_64.whl", hash = "sha256:a3dfff83ca578cada2d19e665e9c8368e1598d4e787422a460ec70e531dbdd58", size = 169042, upload-time = "2024-11-13T07:10:27.016Z" },
    { url = "https://files.pythonhosted.org/packages/ad/ed/1532786f55922c1e9c4d329608e36a15fdab186def3ca9eb10d7465bc1cc/websockets-14.1-cp312-cp312-musllinux_1_2_aarch64.whl", hash = "sha256:6a6c9bcf7cdc0fd41cc7b7944447982e8acfd9f0d560ea6d6845428ed0562058", size = 169345, upload-time = "2024-11-13T07:10:28.338Z" },
    { url = "https://files.pythonhosted.org/packages/ea/fb/160f66960d495df3de63d9bcff78e1b42545b2a123cc611950ffe6468016/websockets-14.1-cp312-cp312-musllinux_1_2_i686.whl", hash = "sha256:4b6caec8576e760f2c7dd878ba817653144d5f369200b6ddf9771d64385b84d4", size = 168725, upload-time = "2024-11-13T07:10:30.337Z" },
    { url = "https://files.pythonhosted.org/packages/cf/53/1bf0c06618b5ac35f1d7906444b9958f8485682ab0ea40dee7b17a32da1e/websockets-14.1-cp312-cp312-musllinux_1_2_x86_64.whl", hash = "sha256:eb6d38971c800ff02e4a6afd791bbe3b923a9a57ca9aeab7314c21c84bf9ff05", size = 168712, upload-time = "2024-11-13T07:10:31.667Z" },
    { url = "https://files.pythonhosted.org/packages/e5/22/5ec2f39fff75f44aa626f86fa7f20594524a447d9c3be94d8482cd5572ef/websockets-14.1-cp312-cp312-win32.whl", hash = "sha256:1d045cbe1358d76b24d5e20e7b1878efe578d9897a25c24e6006eef788c0fdf0", size = 162838, upload-time = "2024-11-13T07:10:33.248Z" },
    { url = "https://files.pythonhosted.org/packages/74/27/28f07df09f2983178db7bf6c9cccc847205d2b92ced986cd79565d68af4f/websockets-14.1-cp312-cp312-win_amd64.whl", hash = "sha256:90f4c7a069c733d95c308380aae314f2cb45bd8a904fb03eb36d1a4983a4993f", size = 163277, upload-time = "2024-11-13T07:10:34.522Z" },
    { url = "https://files.pythonhosted.org/packages/34/77/812b3ba5110ed8726eddf9257ab55ce9e85d97d4aa016805fdbecc5e5d48/websockets-14.1-cp313-cp313-macosx_10_13_universal2.whl", hash = "sha256:3630b670d5057cd9e08b9c4dab6493670e8e762a24c2c94ef312783870736ab9", size = 161966, upload-time = "2024-11-13T07:10:36.54Z" },
    { url = "https://files.pythonhosted.org/packages/8d/24/4fcb7aa6986ae7d9f6d083d9d53d580af1483c5ec24bdec0978307a0f6ac/websockets-14.1-cp313-cp313-macosx_10_13_x86_64.whl", hash = "sha256:36ebd71db3b89e1f7b1a5deaa341a654852c3518ea7a8ddfdf69cc66acc2db1b", size = 159625, upload-time = "2024-11-13T07:10:38.414Z" },
    { url = "https://files.pythonhosted.org/packages/f8/47/2a0a3a2fc4965ff5b9ce9324d63220156bd8bedf7f90824ab92a822e65fd/websockets-14.1-cp313-cp313-macosx_11_0_arm64.whl", hash = "sha256:5b918d288958dc3fa1c5a0b9aa3256cb2b2b84c54407f4813c45d52267600cd3", size = 159857, upload-time = "2024-11-13T07:10:39.718Z" },
    { url = "https://files.pythonhosted.org/packages/dd/c8/d7b425011a15e35e17757e4df75b25e1d0df64c0c315a44550454eaf88fc/websockets-14.1-cp313-cp313-manylinux_2_17_aarch64.manylinux2014_aarch64.whl", hash = "sha256:00fe5da3f037041da1ee0cf8e308374e236883f9842c7c465aa65098b1c9af59", size = 169635, upload-time = "2024-11-13T07:10:41.132Z" },
    { url = "https://files.pythonhosted.org/packages/93/39/6e3b5cffa11036c40bd2f13aba2e8e691ab2e01595532c46437b56575678/websockets-14.1-cp313-cp313-manylinux_2_5_i686.manylinux1_i686.manylinux_2_17_i686.manylinux2014_i686.whl", hash = "sha256:8149a0f5a72ca36720981418eeffeb5c2729ea55fa179091c81a0910a114a5d2", size = 168578, upload-time = "2024-11-13T07:10:42.508Z" },
    { url = "https://files.pythonhosted.org/packages/cf/03/8faa5c9576299b2adf34dcccf278fc6bbbcda8a3efcc4d817369026be421/websockets-14.1-cp313-cp313-manylinux_2_5_x86_64.manylinux1_x86_64.manylinux_2_17_x86_64.manylinux2014_x86_64.whl", hash = "sha256:77569d19a13015e840b81550922056acabc25e3f52782625bc6843cfa034e1da", size = 169018, upload-time = "2024-11-13T07:10:43.893Z" },
    { url = "https://files.pythonhosted.org/packages/8c/05/ea1fec05cc3a60defcdf0bb9f760c3c6bd2dd2710eff7ac7f891864a22ba/websockets-14.1-cp313-cp313-musllinux_1_2_aarch64.whl", hash = "sha256:cf5201a04550136ef870aa60ad3d29d2a59e452a7f96b94193bee6d73b8ad9a9", size = 169383, upload-time = "2024-11-13T07:10:45.171Z" },
    { url = "https://files.pythonhosted.org/packages/21/1d/eac1d9ed787f80754e51228e78855f879ede1172c8b6185aca8cef494911/websockets-14.1-cp313-cp313-musllinux_1_2_i686.whl", hash = "sha256:88cf9163ef674b5be5736a584c999e98daf3aabac6e536e43286eb74c126b9c7", size = 168773, upload-time = "2024-11-13T07:10:46.508Z" },
    { url = "https://files.pythonhosted.org/packages/0e/1b/e808685530185915299740d82b3a4af3f2b44e56ccf4389397c7a5d95d39/websockets-14.1-cp313-cp313-musllinux_1_2_x86_64.whl", hash = "sha256:836bef7ae338a072e9d1863502026f01b14027250a4545672673057997d5c05a", size = 168757, upload-time = "2024-11-13T07:10:47.816Z" },
    { url = "https://files.pythonhosted.org/packages/b6/19/6ab716d02a3b068fbbeb6face8a7423156e12c446975312f1c7c0f4badab/websockets-14.1-cp313-cp313-win32.whl", hash = "sha256:0d4290d559d68288da9f444089fd82490c8d2744309113fc26e2da6e48b65da6", size = 162834, upload-time = "2024-11-13T07:10:49.149Z" },
    { url = "https://files.pythonhosted.org/packages/6c/fd/ab6b7676ba712f2fc89d1347a4b5bdc6aa130de10404071f2b2606450209/websockets-14.1-cp313-cp313-win_amd64.whl", hash = "sha256:8621a07991add373c3c5c2cf89e1d277e49dc82ed72c75e3afc74bd0acc446f0", size = 163277, upload-time = "2024-11-13T07:10:50.561Z" },
    { url = "https://files.pythonhosted.org/packages/b0/0b/c7e5d11020242984d9d37990310520ed663b942333b83a033c2f20191113/websockets-14.1-py3-none-any.whl", hash = "sha256:4d4fc827a20abe6d544a119896f6b78ee13fe81cbfef416f3f2ddf09a03f0e2e", size = 156277, upload-time = "2024-11-13T07:11:27.848Z" },
]

[[package]]
name = "wifi-ap-win32"
version = "0.1.0"
source = { editable = "." }
dependencies = [
    { name = "msgpack" },
    { name = "pyinstaller" },
    { name = "websockets" },
    { name = "winrt-windows-devices-wifidirect" },
    { name = "winrt-windows-foundation" },
    { name = "winrt-windows-security-credentials" },
]

[package.metadata]
requires-dist = [
    { name = "msgpack", specifier = "==1.0.5" },
    { name = "pyinstaller", specifier = "==6.16.0" },
    { name = "websockets", specifier = "==14.1" },
    { name = "winrt-windows-devices-wifidirect" },
    { name = "winrt-windows-foundation" },
    { name = "winrt-windows-security-credentials" },
]

[[package]]
name = "winrt-runtime"
version = "3.2.1"
source = { registry = "https://pypi.org/simple" }
dependencies = [
    { name = "typing-extensions" },
]
sdist = { url = "https://files.pythonhosted.org/packages/16/dd/acdd527c1d890c8f852cc2af644aa6c160974e66631289420aa871b05e65/winrt_runtime-3.2.1.tar.gz", hash = "sha256:c8dca19e12b234ae6c3dadf1a4d0761b51e708457492c13beb666556958801ea", size = 21721, upload-time = "2025-06-06T14:40:27.593Z" }
wheels = [
    { url = "https://files.pythonhosted.org/packages/90/8d/d7ae0e07cd85c7768de76e8578261854f2af72bd3a8a527bb675e8ae0eda/winrt_runtime-3.2.1-cp311-cp311-win32.whl", hash = "sha256:9e9b64f1ba631cc4b9fe60b8ff16fef3f32c7ce2fcc84735a63129ff8b15c022", size = 210798, upload-time = "2025-06-06T06:44:04.775Z" },
    { url = "https://files.pythonhosted.org/packages/ac/66/d05f6e6c0517654734e7f87fa1f0fbc965add9f27cc36b524d96331ab3d8/winrt_runtime-3.2.1-cp311-cp311-win_amd64.whl", hash = "sha256:c0a9046ae416808420a358c51705af8ae100acd40bc578be57ddfdd51cbb0f9c", size = 242032, upload-time = "2025-06-06T06:44:06.103Z" },
    { url = "https://files.pythonhosted.org/packages/39/a5/760c8396110f6d3e4c417752da1a2bf3b89e0998329c2f10afc717ef6291/winrt_runtime-3.2.1-cp311-cp311-win_arm64.whl", hash = "sha256:e94f3cb40ea2d723c44c82c16d715c03c6b3bd977d135b49535fdd5415fd9130", size = 415659, upload-time = "2025-06-06T06:44:07.007Z" },
    { url = "https://files.pythonhosted.org/packages/d3/54/3dd06f2341fab6abb06588a16b30e0b213b0125be7b79dafc3bdba3b334a/winrt_runtime-3.2.1-cp312-cp312-win32.whl", hash = "sha256:762b3d972a2f7037f7db3acbaf379dd6d8f6cda505f71f66c6b425d1a1eae2f1", size = 210090, upload-time = "2025-06-06T06:44:08.151Z" },
    { url = "https://files.pythonhosted.org/packages/ca/a1/1d7248d5c62ccbea5f3e0da64ca4529ce99c639c3be2485b6ed709f5c740/winrt_runtime-3.2.1-cp312-cp312-win_amd64.whl", hash = "sha256:06510db215d4f0dc45c00fbb1251c6544e91742a0ad928011db33b30677e1576", size = 241391, upload-time = "2025-06-06T06:44:09.442Z" },
    { url = "https://files.pythonhosted.org/packages/8a/ae/6a205d8dafc79f7c242be7f940b1e0c1971fd64ab3079bda4b514aa3d714/winrt_runtime-3.2.1-cp312-cp312-win_arm64.whl", hash = "sha256:14562c29a087ccad38e379e585fef333e5c94166c807bdde67b508a6261aa195", size = 415242, upload-time = "2025-06-06T06:44:10.407Z" },
    { url = "https://files.pythonhosted.org/packages/79/d4/1a555d8bdcb8b920f8e896232c82901cc0cda6d3e4f92842199ae7dff70a/winrt_runtime-3.2.1-cp313-cp313-win32.whl", hash = "sha256:44e2733bc709b76c554aee6c7fe079443b8306b2e661e82eecfebe8b9d71e4d1", size = 210022, upload-time = "2025-06-06T06:44:11.767Z" },
    { url = "https://files.pythonhosted.org/packages/aa/24/2b6e536ca7745d788dfd17a2ec376fa03a8c7116dc638bb39b035635484f/winrt_runtime-3.2.1-cp313-cp313-win_amd64.whl", hash = "sha256:3c1fdcaeedeb2920dc3b9039db64089a6093cad2be56a3e64acc938849245a6d", size = 241349, upload-time = "2025-06-06T06:44:12.661Z" },
    { url = "https://files.pythonhosted.org/packages/d4/7f/6d72973279e2929b2a71ed94198ad4a5d63ee2936e91a11860bf7b431410/winrt_runtime-3.2.1-cp313-cp313-win_arm64.whl", hash = "sha256:28f3dab083412625ff4d2b46e81246932e6bebddf67bea7f05e01712f54e6159", size = 415126, upload-time = "2025-06-06T06:44:13.702Z" },
    { url = "https://files.pythonhosted.org/packages/c8/87/88bd98419a9da77a68e030593fee41702925a7ad8a8aec366945258cbb31/winrt_runtime-3.2.1-cp314-cp314-win32.whl", hash = "sha256:9b6298375468ac2f6815d0c008a059fc16508c8f587e824c7936ed9216480dad", size = 210257, upload-time = "2025-09-20T07:06:41.054Z" },
    { url = "https://files.pythonhosted.org/packages/87/85/e5c2a10d287edd9d3ee8dc24bf7d7f335636b92bf47119768b7dd2fd1669/winrt_runtime-3.2.1-cp314-cp314-win_amd64.whl", hash = "sha256:e36e587ab5fd681ee472cd9a5995743f75107a1a84d749c64f7e490bc86bc814", size = 241873, upload-time = "2025-09-20T07:06:42.059Z" },
    { url = "https://files.pythonhosted.org/packages/52/2a/eb9e78397132175f70dd51dfa4f93e489c17d6b313ae9dce60369b8d84a7/winrt_runtime-3.2.1-cp314-cp314-win_arm64.whl", hash = "sha256:35d6241a2ebd5598e4788e69768b8890ee1eee401a819865767a1fbdd3e9a650", size = 416222, upload-time = "2025-09-20T07:06:43.376Z" },
]

[[package]]
name = "winrt-windows-devices-wifidirect"
version = "3.2.1"
source = { registry = "https://pypi.org/simple" }
dependencies = [
    { name = "winrt-runtime" },
]
sdist = { url = "https://files.pythonhosted.org/packages/71/b6/c8ca8f05fba60e19726f65a8264498a2bba5ca2de497c933b76afcd435a2/winrt_windows_devices_wifidirect-3.2.1.tar.gz", hash = "sha256:83cccfeeeafecbb9d63a28759563310bd3b1ec5df250c60336f64ee36721d2d9", size = 12028, upload-time = "2025-06-06T14:41:52.176Z" }
wheels = [
    { url = "https://files.pythonhosted.org/packages/c3/32/8eb7707248d608c2aa6e75cb414aadaa16c188fc44ccde09e757a7b7949f/winrt_windows_devices_wifidirect-3.2.1-cp311-cp311-win32.whl", hash = "sha256:e81b865de6cf6c103192288393d151548481b38184b8d8c6af2fb4c0071a4847", size = 76660, upload-time = "2025-06-06T07:10:32.867Z" },
    { url = "https://files.pythonhosted.org/packages/d1/2f/3a3ae42f59c4b874bb5de627d163fa3198bca77da3c8f0fd77475ced47cf/winrt_windows_devices_wifidirect-3.2.1-cp311-cp311-win_amd64.whl", hash = "sha256:2608bf10401ce13a747437f3bafaa25ef2f71a93b49677e9c5b14bf423132e23", size = 80608, upload-time = "2025-06-06T07:10:33.677Z" },
    { url = "https://files.pythonhosted.org/packages/9e/10/2d872ad7a4fcedc15195dde6cef575fbf62ef74e896430ff2b08d47920a4/winrt_windows_devices_wifidirect-3.2.1-cp311-cp311-win_arm64.whl", hash = "sha256:fa21e634d4fa17228247251b47513e945a4944678d5d0914687325692ea51986", size = 77711, upload-time = "2025-06-06T07:10:34.474Z" },
    { url = "https://files.pythonhosted.org/packages/54/ca/9e75a6a2ad36ecf2017276a4bf034e317dceddd92751c60b4278a2dbd21d/winrt_windows_devices_wifidirect-3.2.1-cp312-cp312-win32.whl", hash = "sha256:9f3ff9e69bd8b486a17381a6907ef1d4935492add5398e1299e81986fe7b0af5", size = 76849, upload-time = "2025-06-06T07:10:35.255Z" },
    { url = "https://files.pythonhosted.org/packages/9a/8f/090332484d02feee4d93633a82e7799fd20064cb4e948a212805dc75d1ed/winrt_windows_devices_wifidirect-3.2.1-cp312-cp312-win_amd64.whl", hash = "sha256:b0a4df9ddf7088c2971bbf7ec610585b49d95e097e5d5f7e8c23193f87f94faa", size = 80736, upload-time = "2025-06-06T07:10:36.373Z" },
    { url = "https://files.pythonhosted.org/packages/41/31/5bf82113f57c8e0e99fc34656c005d2e822e9a5771a9cdf5fd6d6f771243/winrt_windows_devices_wifidirect-3.2.1-cp312-cp312-win_arm64.whl", hash = "sha256:ce0629071fb7c854bf97f68580b95e010a55eb279989a8190e101815addeec80", size = 77701, upload-time = "2025-06-06T07:10:37.172Z" },
    { url = "https://files.pythonhosted.org/packages/9c/04/fe20c18a7abda6215d16c3bd35d7cfc2bfd802efc83da559673d252dd054/winrt_windows_devices_wifidirect-3.2.1-cp313-cp313-win32.whl", hash = "sha256:cf445ebd4ce576b516caeb130ad855b1c08e8e54279b1b36ed5dead71f79b729", size = 76849, upload-time = "2025-06-06T07:10:37.954Z" },
    { url = "https://files.pythonhosted.org/packages/54/24/2b4bdd2f91b7621b697f0ab782e2785ea026f7494bdb254258a8e3ee5b7b/winrt_windows_devices_wifidirect-3.2.1-cp313-cp313-win_amd64.whl", hash = "sha256:483c2437a7ef0a95fb13bd823f6c57cb7c32307ac620ea9ddb138360e9a66170", size = 80748, upload-time = "2025-06-06T07:10:38.766Z" },
    { url = "https://files.pythonhosted.org/packages/ea/40/7400235e46167db0b9c1c656f81c241a9b82201185a7952e9a9bae39d982/winrt_windows_devices_wifidirect-3.2.1-cp313-cp313-win_arm64.whl", hash = "sha256:9ab4c98e2240a153da6026894f9d2a1de92cb964fbee58334ebe0eca4954ab6a", size = 77708, upload-time = "2025-06-06T07:10:39.551Z" },
    { url = "https://files.pythonhosted.org/packages/65/7a/b37b2621b7dc749c247d1c4245e0dff8ce7ab80e572ffd8dbd1e113e980f/winrt_windows_devices_wifidirect-3.2.1-cp314-cp314-win32.whl", hash = "sha256:2505399b328a1f7918cc4028973c5094ae206c5d6176346dd3120ddb4719b640", size = 79069, upload-time = "2025-09-20T07:11:45.098Z" },
    { url = "https://files.pythonhosted.org/packages/a4/dd/f39cfe866a36860c54079957b5b80a841430eab23b160b8e00034ccd5a8e/winrt_windows_devices_wifidirect-3.2.1-cp314-cp314-win_amd64.whl", hash = "sha256:84d6b8b2f55d5f6d0fda85dee99e9975516f41f2cb687fc1762342175983cb8b", size = 82992, upload-time = "2025-09-20T07:11:45.86Z" },
    { url = "https://files.pythonhosted.org/packages/d6/e8/46205fe1c09d46fdf53755074d07502185542c9b625c3a32cf9fb9541c4d/winrt_windows_devices_wifidirect-3.2.1-cp314-cp314-win_arm64.whl", hash = "sha256:a1204618588ab29ca861874755471b7a747a96f0bfe9e82c9522be60307b306f", size = 81369, upload-time = "2025-09-20T07:11:46.672Z" },
]

[[package]]
name = "winrt-windows-foundation"
version = "3.2.1"
source = { registry = "https://pypi.org/simple" }
dependencies = [
    { name = "winrt-runtime" },
]
sdist = { url = "https://files.pythonhosted.org/packages/0c/55/098ce7ea0679efcc1298b269c48768f010b6c68f90c588f654ec874c8a74/winrt_windows_foundation-3.2.1.tar.gz", hash = "sha256:ad2f1fcaa6c34672df45527d7c533731fdf65b67c4638c2b4aca949f6eec0656", size = 30485, upload-time = "2025-06-06T14:41:53.344Z" }
wheels = [
    { url = "https://files.pythonhosted.org/packages/c0/36/09b9757f7cbf269e67008ea2ad188a44f974c94c9b49ebf0b52d1a8c4069/winrt_windows_foundation-3.2.1-cp311-cp311-win32.whl", hash = "sha256:d1b5970241ccd61428f7330d099be75f4f52f25e510d82c84dbbdaadd625e437", size = 111944, upload-time = "2025-06-06T07:10:58.496Z" },
    { url = "https://files.pythonhosted.org/packages/05/a5/216d66df6bdcee58eb3877fabc1544337e23f850bf9f93838db7f5698371/winrt_windows_foundation-3.2.1-cp311-cp311-win_amd64.whl", hash = "sha256:f3762be2f6e0f2aedf83a0742fd727290b397ffe3463d963d29211e4ebb53a7e", size = 118465, upload-time = "2025-06-06T07:10:59.678Z" },
    { url = "https://files.pythonhosted.org/packages/be/ca/48ca8b5bc5be5c7a5516c9e1d9a21861b4217e1b4ee57923aab6f13fa411/winrt_windows_foundation-3.2.1-cp311-cp311-win_arm64.whl", hash = "sha256:806c77818217b3476e6c617293b3d5b0ff8a9901549dc3417586f6799938d671", size = 109609, upload-time = "2025-06-06T07:11:00.54Z" },
    { url = "https://files.pythonhosted.org/packages/f3/f8/495e304ddedd5ff2f196efbde906265cb75ade4d79e2937837f72ef654a0/winrt_windows_foundation-3.2.1-cp312-cp312-win32.whl", hash = "sha256:867642ccf629611733db482c4288e17b7919f743a5873450efb6d69ae09fdc2b", size = 112169, upload-time = "2025-06-06T07:11:01.438Z" },
    { url = "https://files.pythonhosted.org/packages/9b/5e/b5059e4ece095351c496c9499783130c302d25e353c18031d5231b1b3b3c/winrt_windows_foundation-3.2.1-cp312-cp312-win_amd64.whl", hash = "sha256:45550c5b6c2125cde495c409633e6b1ea5aa1677724e3b95eb8140bfccbe30c9", size = 118668, upload-time = "2025-06-06T07:11:02.475Z" },
    { url = "https://files.pythonhosted.org/packages/a5/70/acbcb3ef07b1b67e2de4afab9176a5282cfd775afd073efe6828dfc65ace/winrt_windows_foundation-3.2.1-cp312-cp312-win_arm64.whl", hash = "sha256:94f4661d71cb35ebc52be7af112f2eeabdfa02cb05e0243bf9d6bd2cafaa6f37", size = 109671, upload-time = "2025-06-06T07:11:03.538Z" },
    { url = "https://files.pythonhosted.org/packages/7b/71/5e87131e4aecc8546c76b9e190bfe4e1292d028bda3f9dd03b005d19c76c/winrt_windows_foundation-3.2.1-cp313-cp313-win32.whl", hash = "sha256:3998dc58ed50ecbdbabace1cdef3a12920b725e32a5806d648ad3f4829d5ba46", size = 112184, upload-time = "2025-06-06T07:11:04.459Z" },
    { url = "https://files.pythonhosted.org/packages/ba/7f/8d5108461351d4f6017f550af8874e90c14007f9122fa2eab9f9e0e9b4e1/winrt_windows_foundation-3.2.1-cp313-cp313-win_amd64.whl", hash = "sha256:6e98617c1e46665c7a56ce3f5d28e252798416d1ebfee3201267a644a4e3c479", size = 118672, upload-time = "2025-06-06T07:11:05.55Z" },
    { url = "https://files.pythonhosted.org/packages/44/f5/2edf70922a3d03500dab17121b90d368979bd30016f6dbca0d043f0c71f1/winrt_windows_foundation-3.2.1-cp313-cp313-win_arm64.whl", hash = "sha256:2a8c1204db5c352f6a563130a5a41d25b887aff7897bb677d4ff0b660315aad4", size = 109673, upload-time = "2025-06-06T07:11:06.398Z" },
    { url = "https://files.pythonhosted.org/packages/e3/0a/d77346e39fe0c81f718cde49f83fe77c368c0e14c6418f72dfa1e7ef22d0/winrt_windows_foundation-3.2.1-cp314-cp314-win32.whl", hash = "sha256:35e973ab3c77c2a943e139302256c040e017fd6ff1a75911c102964603bba1da", size = 114590, upload-time = "2025-09-20T07:11:49.97Z" },
    { url = "https://files.pythonhosted.org/packages/a1/56/4d2b545bea0f34f68df6d4d4ca22950ff8a935497811dccdc0ca58737a05/winrt_windows_foundation-3.2.1-cp314-cp314-win_amd64.whl", hash = "sha256:a22a7ebcec0d262e60119cff728f32962a02df60471ded8b2735a655eccc0ef5", size = 122148, upload-time = "2025-09-20T07:11:50.826Z" },
    { url = "https://files.pythonhosted.org/packages/ed/ed/b9d3a11cac73444c0a3703200161cd7267dab5ab85fd00e1f965526e74a8/winrt_windows_foundation-3.2.1-cp314-cp314-win_arm64.whl", hash = "sha256:3be7fbae829b98a6a946db4fbaf356b11db1fbcbb5d4f37e7a73ac6b25de8b87", size = 114360, upload-time = "2025-09-20T07:11:51.626Z" },
]

[[package]]
name = "winrt-windows-security-credentials"
version = "3.2.1"
source = { registry = "https://pypi.org/simple" }
dependencies = [
    { name = "winrt-runtime" },
]
sdist = { url = "https://files.pythonhosted.org/packages/3a/9b/6a78700ddd4cc7fd9cc3952c2e65a720da7f23d16a0e3d3a0d3246004468/winrt_windows_security_credentials-3.2.1.tar.gz", hash = "sha256:dbfb9c70d8b12d28c83a12f74f5bd895477068d153b7c9598d5c67e9eaf3568f", size = 13090, upload-time = "2025-06-06T14:43:06.198Z" }
wheels = [
    { url = "https://files.pythonhosted.org/packages/89/8a/c592136eec89d7e8ee346e795ced3be975b5312c3bc0b177fbab5826bd01/winrt_windows_security_credentials-3.2.1-cp311-cp311-win32.whl", hash = "sha256:5eac3129a1a94dfa33e59285f27359915ea37e0275c68854e76ca3e10156050a", size = 77640, upload-time = "2025-06-06T13:55:59.295Z" },
    { url = "https://files.pythonhosted.org/packages/f4/3b/dd40fc5161b25463b630923e041c3a7f71f1e06023a4faf2811dc2ffcd28/winrt_windows_security_credentials-3.2.1-cp311-cp311-win_amd64.whl", hash = "sha256:c4e29f491122939f247bfb775504f350ef84e658af4e954ce0055916a3bd8d0f", size = 85298, upload-time = "2025-06-06T13:56:00.412Z" },
    { url = "https://files.pythonhosted.org/packages/26/4d/5047bb7c6016ff95b645a922d3cc617e413a707edff7e0a83c07f465ab4b/winrt_windows_security_credentials-3.2.1-cp311-cp311-win_arm64.whl", hash = "sha256:0efa195c0884d3d12fc4cbc32302c58d46a0a2480d21915d1ab370388ba7827a", size = 77409, upload-time = "2025-06-06T13:56:01.142Z" },
    { url = "https://files.pythonhosted.org/packages/74/97/62420829fb81655d651311c4ec18ae1239acfe033645e3b293bce80e77c2/winrt_windows_security_credentials-3.2.1-cp312-cp312-win32.whl", hash = "sha256:4926b332c2aa0835262ae2f0c128b3d04313eacff20c4983406a87de02d39af1", size = 77870, upload-time = "2025-06-06T13:56:01.911Z" },
    { url = "https://files.pythonhosted.org/packages/a3/5b/68aad6983f3f9532e850b9a74311df07b4427a8c17792a47d987085b4997/winrt_windows_security_credentials-3.2.1-cp312-cp312-win_amd64.whl", hash = "sha256:8c7e29a04da0a591ff44585eba508aa867804df757b9ee6c9b67a57978dffce0", size = 85114, upload-time = "2025-06-06T13:56:02.874Z" },
    { url = "https://files.pythonhosted.org/packages/22/48/c43f70d05cf8df36855817e2dd716c193e1300b400b8702e43dfc2260c64/winrt_windows_security_credentials-3.2.1-cp312-cp312-win_arm64.whl", hash = "sha256:7fb360d3e59b4cdd4266b8a51b33ca80f928dcbb69c5aac1862870dc9d64528a", size = 77783, upload-time = "2025-06-06T13:56:03.62Z" },
    { url = "https://files.pythonhosted.org/packages/ea/9a/bbf286c3a78515e35ba008c5a865581f180c311dce16cda48a614f00c57a/winrt_windows_security_credentials-3.2.1-cp313-cp313-win32.whl", hash = "sha256:08564190008e63148586f4adae23b258e59b2598719b914585c2b86bb185e393", size = 77871, upload-time = "2025-06-06T13:56:04.494Z" },
    { url = "https://files.pythonhosted.org/packages/08/26/c8626a3c6f74ace5625e91d2be97fbc22f8204007a0cbfdd3519842ee872/winrt_windows_security_credentials-3.2.1-cp313-cp313-win_amd64.whl", hash = "sha256:5be271a224e7d4fe9d83bf30a674aae5a8cf07ad4ef2507bfdd73bf6301fba5a", size = 85120, upload-time = "2025-06-06T13:56:05.264Z" },
    { url = "https://files.pythonhosted.org/packages/b8/45/3f420944f8572d33cb8001f73fbb3d386d2c9828faf864b80e4c3aaa04a2/winrt_windows_security_credentials-3.2.1-cp313-cp313-win_arm64.whl", hash = "sha256:fc07e17776f2bc2df56a83b8e2fada8c50e34a919fc2aa6117692dad827f6d65", size = 77798, upload-time = "2025-06-06T13:56:06.034Z" },
    { url = "https://files.pythonhosted.org/packages/bb/86/562e5c1bf32380feb88f273eee18b39a447453003448f8a3ef2bf1780de2/winrt_windows_security_credentials-3.2.1-cp314-cp314-win32.whl", hash = "sha256:445b35ddb5b5bc74ef27a8f50e9abb4caa7a081631cf644301419307acf8f2e6", size = 79931, upload-time = "2025-09-20T07:16:10.202Z" },
    { url = "https://files.pythonhosted.org/packages/8e/c4/3fc1400b31dcf5cce7880c3d0aaf0a4c516745ebf8975ce17804066af603/winrt_windows_security_credentials-3.2.1-cp314-cp314-win_amd64.whl", hash = "sha256:41000e4b7490643d473cd94b3b6c15e6171040e5de87484a1c50acf8c3d901ba", size = 87623, upload-time = "2025-09-20T07:16:11.002Z" },
    { url = "https://files.pythonhosted.org/packages/e8/91/4202c47837fc4044e67812747b7aebad8f29180a2b9765314e08f860a86a/winrt_windows_security_credentials-3.2.1-cp314-cp314-win_arm64.whl", hash = "sha256:68c288ef10a334e970375032695fd87d045eecdc5d7fdcbd6003a33259013422", size = 80301, upload-time = "2025-09-20T07:16:12.061Z" },
]
